<?xml version="1.0" encoding="UTF-8" standalone="yes" ?>
<CodeBlocks_project_file>
   <FileVersion major="1" minor="6" />
   <Project>
      <Option title="CALCULATOR_pi" />
      <Option makefile_is_custom="1" />
      <Option compiler="gcc" />
      <Option virtualFolders="CMake Files\;CMake Files\plugins\;CMake Files\plugins\calculator_pi\;CMake Files\plugins\SAR_pi\;CMake Files\plugins\vdr_pi\;CMake Files\plugins\wmm_pi\;CMake Files\plugins\survey_pi\;CMake Files\plugins\dashboard_pi\;CMake Files\plugins\route_pi\;CMake Files\plugins\osm_pi\;CMake Files\plugins\radar_pi\;CMake Files\plugins\grib_pi\;" />
      <Build>
      <Target title="all">
         <Option working_dir="/home/brazil/Documents/code/opencpn/build/plugins/calculator_pi" />
         <Option type="4" />
         <MakeCommands>
            <Build command="/usr/bin/make -f &quot;/home/brazil/Documents/code/opencpn/build/plugins/calculator_pi/Makefile&quot;  VERBOSE=1 all" />
            <CompileFile command="/usr/bin/make -f &quot;/home/brazil/Documents/code/opencpn/build/plugins/calculator_pi/Makefile&quot;  VERBOSE=1 &quot;$file&quot;" />
            <Clean command="/usr/bin/make -f &quot;/home/brazil/Documents/code/opencpn/build/plugins/calculator_pi/Makefile&quot;  VERBOSE=1 clean" />
            <DistClean command="/usr/bin/make -f &quot;/home/brazil/Documents/code/opencpn/build/plugins/calculator_pi/Makefile&quot;  VERBOSE=1 clean" />
         </MakeCommands>
      </Target>
      <Target title="CALCULATOR-i18n">
         <Option working_dir="/home/brazil/Documents/code/opencpn/build/plugins/calculator_pi" />
         <Option type="4" />
         <MakeCommands>
            <Build command="/usr/bin/make -f &quot;/home/brazil/Documents/code/opencpn/build/plugins/calculator_pi/Makefile&quot;  VERBOSE=1 CALCULATOR-i18n" />
            <CompileFile command="/usr/bin/make -f &quot;/home/brazil/Documents/code/opencpn/build/plugins/calculator_pi/Makefile&quot;  VERBOSE=1 &quot;$file&quot;" />
            <Clean command="/usr/bin/make -f &quot;/home/brazil/Documents/code/opencpn/build/plugins/calculator_pi/Makefile&quot;  VERBOSE=1 clean" />
            <DistClean command="/usr/bin/make -f &quot;/home/brazil/Documents/code/opencpn/build/plugins/calculator_pi/Makefile&quot;  VERBOSE=1 clean" />
         </MakeCommands>
      </Target>
      <Target title="CALCULATOR-po-update">
         <Option working_dir="/home/brazil/Documents/code/opencpn/build/plugins/calculator_pi" />
         <Option type="4" />
         <MakeCommands>
            <Build command="/usr/bin/make -f &quot;/home/brazil/Documents/code/opencpn/build/plugins/calculator_pi/Makefile&quot;  VERBOSE=1 CALCULATOR-po-update" />
            <CompileFile command="/usr/bin/make -f &quot;/home/brazil/Documents/code/opencpn/build/plugins/calculator_pi/Makefile&quot;  VERBOSE=1 &quot;$file&quot;" />
            <Clean command="/usr/bin/make -f &quot;/home/brazil/Documents/code/opencpn/build/plugins/calculator_pi/Makefile&quot;  VERBOSE=1 clean" />
            <DistClean command="/usr/bin/make -f &quot;/home/brazil/Documents/code/opencpn/build/plugins/calculator_pi/Makefile&quot;  VERBOSE=1 clean" />
         </MakeCommands>
      </Target>
      <Target title="CALCULATOR-pot-update">
         <Option working_dir="/home/brazil/Documents/code/opencpn/build/plugins/calculator_pi" />
         <Option type="4" />
         <MakeCommands>
            <Build command="/usr/bin/make -f &quot;/home/brazil/Documents/code/opencpn/build/plugins/calculator_pi/Makefile&quot;  VERBOSE=1 CALCULATOR-pot-update" />
            <CompileFile command="/usr/bin/make -f &quot;/home/brazil/Documents/code/opencpn/build/plugins/calculator_pi/Makefile&quot;  VERBOSE=1 &quot;$file&quot;" />
            <Clean command="/usr/bin/make -f &quot;/home/brazil/Documents/code/opencpn/build/plugins/calculator_pi/Makefile&quot;  VERBOSE=1 clean" />
            <DistClean command="/usr/bin/make -f &quot;/home/brazil/Documents/code/opencpn/build/plugins/calculator_pi/Makefile&quot;  VERBOSE=1 clean" />
         </MakeCommands>
      </Target>
      <Target title="CALCULATOR_pi">
         <Option output="/home/brazil/Documents/code/opencpn/build/plugins/calculator_pi/libCALCULATOR_pi.so" prefix_auto="0" extension_auto="0" />
         <Option working_dir="/home/brazil/Documents/code/opencpn/build/plugins/calculator_pi" />
         <Option object_output="./" />
         <Option type="3" />
         <Option compiler="gcc" />
         <Compiler>
            <Add option="-D_FILE_OFFSET_BITS=64" />
            <Add option="-D_LARGE_FILES" />
            <Add option="-D__WXGTK__" />
            <Add option="-DUSE_GLU_TESS" />
            <Add option="-DocpnUSE_GTK_OPTIMIZE" />
            <Add option="-DBUILD_WITH_LIBGPS" />
            <Add option="-DTIXML_USE_STL" />
            <Add option="-DUSE_S57" />
            <Add option="-DUSE_GARMINHOST" />
            <Add option="-DOMIT_GEOS" />
            <Add option="-DOMIT_PROJ" />
            <Add option="-DOMIT_FREEXL" />
            <Add option="-DSQLITE_ENABLE_RTREE=1" />
            <Add option="-D_FILE_OFFSET_BITS=64" />
            <Add option="-D_LARGE_FILES" />
            <Add option="-D__WXGTK__" />
            <Add directory="/home/brazil/Documents/code/opencpn/include" />
            <Add directory="/home/brazil/Documents/code/opencpn/plugins/calculator_pi/src/expression_parser" />
            <Add directory="/home/brazil/Documents/code/opencpn/src" />
            <Add directory="/home/brazil/Documents/code/opencpn/src/garmin/jeeps" />
            <Add directory="/home/brazil/Documents/code/opencpn/src/mygdal" />
            <Add directory="/home/brazil/Documents/code/opencpn/src/nmea0183" />
            <Add directory="/usr/include" />
            <Add directory="/usr/include/atk-1.0" />
            <Add directory="/usr/include/cairo" />
            <Add directory="/usr/include/freetype2" />
            <Add directory="/usr/include/gdk-pixbuf-2.0" />
            <Add directory="/usr/include/glib-2.0" />
            <Add directory="/usr/include/gtk-2.0" />
            <Add directory="/usr/include/pango-1.0" />
            <Add directory="/usr/include/wx-2.8" />
            <Add directory="/usr/lib/x86_64-linux-gnu/glib-2.0/include" />
            <Add directory="/usr/lib/x86_64-linux-gnu/gtk-2.0/include" />
            <Add directory="/usr/lib/x86_64-linux-gnu/wx/include/gtk2-unicode-release-2.8" />
         </Compiler>
         <MakeCommands>
            <Build command="/usr/bin/make -f &quot;/home/brazil/Documents/code/opencpn/build/plugins/calculator_pi/Makefile&quot;  VERBOSE=1 CALCULATOR_pi" />
            <CompileFile command="/usr/bin/make -f &quot;/home/brazil/Documents/code/opencpn/build/plugins/calculator_pi/Makefile&quot;  VERBOSE=1 &quot;$file&quot;" />
            <Clean command="/usr/bin/make -f &quot;/home/brazil/Documents/code/opencpn/build/plugins/calculator_pi/Makefile&quot;  VERBOSE=1 clean" />
            <DistClean command="/usr/bin/make -f &quot;/home/brazil/Documents/code/opencpn/build/plugins/calculator_pi/Makefile&quot;  VERBOSE=1 clean" />
         </MakeCommands>
      </Target>
      <Target title="CALCULATOR_pi/fast">
         <Option output="/home/brazil/Documents/code/opencpn/build/plugins/calculator_pi/libCALCULATOR_pi.so" prefix_auto="0" extension_auto="0" />
         <Option working_dir="/home/brazil/Documents/code/opencpn/build/plugins/calculator_pi" />
         <Option object_output="./" />
         <Option type="3" />
         <Option compiler="gcc" />
         <Compiler>
            <Add option="-D_FILE_OFFSET_BITS=64" />
            <Add option="-D_LARGE_FILES" />
            <Add option="-D__WXGTK__" />
            <Add option="-DUSE_GLU_TESS" />
            <Add option="-DocpnUSE_GTK_OPTIMIZE" />
            <Add option="-DBUILD_WITH_LIBGPS" />
            <Add option="-DTIXML_USE_STL" />
            <Add option="-DUSE_S57" />
            <Add option="-DUSE_GARMINHOST" />
            <Add option="-DOMIT_GEOS" />
            <Add option="-DOMIT_PROJ" />
            <Add option="-DOMIT_FREEXL" />
            <Add option="-DSQLITE_ENABLE_RTREE=1" />
            <Add option="-D_FILE_OFFSET_BITS=64" />
            <Add option="-D_LARGE_FILES" />
            <Add option="-D__WXGTK__" />
            <Add directory="/home/brazil/Documents/code/opencpn/include" />
            <Add directory="/home/brazil/Documents/code/opencpn/plugins/calculator_pi/src/expression_parser" />
            <Add directory="/home/brazil/Documents/code/opencpn/src" />
            <Add directory="/home/brazil/Documents/code/opencpn/src/garmin/jeeps" />
            <Add directory="/home/brazil/Documents/code/opencpn/src/mygdal" />
            <Add directory="/home/brazil/Documents/code/opencpn/src/nmea0183" />
            <Add directory="/usr/include" />
            <Add directory="/usr/include/atk-1.0" />
            <Add directory="/usr/include/cairo" />
            <Add directory="/usr/include/freetype2" />
            <Add directory="/usr/include/gdk-pixbuf-2.0" />
            <Add directory="/usr/include/glib-2.0" />
            <Add directory="/usr/include/gtk-2.0" />
            <Add directory="/usr/include/pango-1.0" />
            <Add directory="/usr/include/wx-2.8" />
            <Add directory="/usr/lib/x86_64-linux-gnu/glib-2.0/include" />
            <Add directory="/usr/lib/x86_64-linux-gnu/gtk-2.0/include" />
            <Add directory="/usr/lib/x86_64-linux-gnu/wx/include/gtk2-unicode-release-2.8" />
         </Compiler>
         <MakeCommands>
            <Build command="/usr/bin/make -f &quot;/home/brazil/Documents/code/opencpn/build/plugins/calculator_pi/Makefile&quot;  VERBOSE=1 CALCULATOR_pi/fast" />
            <CompileFile command="/usr/bin/make -f &quot;/home/brazil/Documents/code/opencpn/build/plugins/calculator_pi/Makefile&quot;  VERBOSE=1 &quot;$file&quot;" />
            <Clean command="/usr/bin/make -f &quot;/home/brazil/Documents/code/opencpn/build/plugins/calculator_pi/Makefile&quot;  VERBOSE=1 clean" />
            <DistClean command="/usr/bin/make -f &quot;/home/brazil/Documents/code/opencpn/build/plugins/calculator_pi/Makefile&quot;  VERBOSE=1 clean" />
         </MakeCommands>
      </Target>
      </Build>
      <Unit filename="/home/brazil/Documents/code/opencpn/plugins/calculator_pi/src/calculator_pi.cpp">
      </Unit>
      <Unit filename="/home/brazil/Documents/code/opencpn/plugins/calculator_pi/src/calculatorgui.cpp">
      </Unit>
      <Unit filename="/home/brazil/Documents/code/opencpn/plugins/calculator_pi/src/calculatorgui_impl.cpp">
      </Unit>
      <Unit filename="/home/brazil/Documents/code/opencpn/plugins/calculator_pi/src/expression_parser/error.cpp">
      </Unit>
      <Unit filename="/home/brazil/Documents/code/opencpn/plugins/calculator_pi/src/expression_parser/functions.cpp">
      </Unit>
      <Unit filename="/home/brazil/Documents/code/opencpn/plugins/calculator_pi/src/expression_parser/parser.cpp">
      </Unit>
      <Unit filename="/home/brazil/Documents/code/opencpn/plugins/calculator_pi/src/expression_parser/variablelist.cpp">
      </Unit>
      <Unit filename="/home/brazil/Documents/code/opencpn/plugins/calculator_pi/src/icons.cpp">
      </Unit>
      <Unit filename="/home/brazil/Documents/code/opencpn/plugins/calculator_pi/src/calculator_pi.h">
      </Unit>
      <Unit filename="/home/brazil/Documents/code/opencpn/plugins/calculator_pi/src/calculatorgui.h">
      </Unit>
      <Unit filename="/home/brazil/Documents/code/opencpn/plugins/calculator_pi/src/calculatorgui_impl.h">
      </Unit>
      <Unit filename="/home/brazil/Documents/code/opencpn/plugins/calculator_pi/src/expression_parser/constants.h">
      </Unit>
      <Unit filename="/home/brazil/Documents/code/opencpn/plugins/calculator_pi/src/expression_parser/error.h">
      </Unit>
      <Unit filename="/home/brazil/Documents/code/opencpn/plugins/calculator_pi/src/expression_parser/functions.h">
      </Unit>
      <Unit filename="/home/brazil/Documents/code/opencpn/plugins/calculator_pi/src/expression_parser/parser.h">
      </Unit>
      <Unit filename="/home/brazil/Documents/code/opencpn/plugins/calculator_pi/src/expression_parser/variablelist.h">
      </Unit>
      <Unit filename="/home/brazil/Documents/code/opencpn/plugins/calculator_pi/src/icons.h">
      </Unit>
      <Unit filename="/home/brazil/Documents/code/opencpn/CMakeLists.txt">
          <Option virtualFolder="CMake Files\" />
      </Unit>
      <Unit filename="/home/brazil/Documents/code/opencpn/VERSION.cmake">
          <Option virtualFolder="CMake Files\" />
      </Unit>
      <Unit filename="/home/brazil/Documents/code/opencpn/FindTinyXML.cmake">
          <Option virtualFolder="CMake Files\" />
      </Unit>
      <Unit filename="/home/brazil/Documents/code/opencpn/Findgps.cmake">
          <Option virtualFolder="CMake Files\" />
      </Unit>
      <Unit filename="/home/brazil/Documents/code/opencpn/version.h.in">
          <Option virtualFolder="CMake Files\" />
      </Unit>
      <Unit filename="/home/brazil/Documents/code/opencpn/FindTinyXML.cmake">
          <Option virtualFolder="CMake Files\" />
      </Unit>
      <Unit filename="/home/brazil/Documents/code/opencpn/FindTinyXML.cmake">
          <Option virtualFolder="CMake Files\" />
      </Unit>
      <Unit filename="/home/brazil/Documents/code/opencpn/FindTinyXML.cmake">
          <Option virtualFolder="CMake Files\" />
      </Unit>
      <Unit filename="/home/brazil/Documents/code/opencpn/FindTinyXML.cmake">
          <Option virtualFolder="CMake Files\" />
      </Unit>
      <Unit filename="/home/brazil/Documents/code/opencpn/plugins/CMakeLists.txt">
          <Option virtualFolder="CMake Files\plugins\" />
      </Unit>
      <Unit filename="/home/brazil/Documents/code/opencpn/plugins/calculator_pi/CMakeLists.txt">
          <Option virtualFolder="CMake Files\plugins\calculator_pi\" />
      </Unit>
      <Unit filename="/home/brazil/Documents/code/opencpn/plugins/calculator_pi/CMakeLists.txt">
          <Option virtualFolder="CMake Files\plugins\calculator_pi\" />
      </Unit>
      <Unit filename="/home/brazil/Documents/code/opencpn/plugins/SAR_pi/CMakeLists.txt">
          <Option virtualFolder="CMake Files\plugins\SAR_pi\" />
      </Unit>
      <Unit filename="/home/brazil/Documents/code/opencpn/plugins/SAR_pi/CMakeLists.txt">
          <Option virtualFolder="CMake Files\plugins\SAR_pi\" />
      </Unit>
      <Unit filename="/home/brazil/Documents/code/opencpn/plugins/vdr_pi/CMakeLists.txt">
          <Option virtualFolder="CMake Files\plugins\vdr_pi\" />
      </Unit>
      <Unit filename="/home/brazil/Documents/code/opencpn/plugins/vdr_pi/CMakeLists.txt">
          <Option virtualFolder="CMake Files\plugins\vdr_pi\" />
      </Unit>
      <Unit filename="/home/brazil/Documents/code/opencpn/plugins/wmm_pi/CMakeLists.txt">
          <Option virtualFolder="CMake Files\plugins\wmm_pi\" />
      </Unit>
      <Unit filename="/home/brazil/Documents/code/opencpn/plugins/wmm_pi/CMakeLists.txt">
          <Option virtualFolder="CMake Files\plugins\wmm_pi\" />
      </Unit>
      <Unit filename="/home/brazil/Documents/code/opencpn/plugins/survey_pi/CMakeLists.txt">
          <Option virtualFolder="CMake Files\plugins\survey_pi\" />
      </Unit>
      <Unit filename="/home/brazil/Documents/code/opencpn/plugins/survey_pi/CMakeLists.txt">
          <Option virtualFolder="CMake Files\plugins\survey_pi\" />
      </Unit>
      <Unit filename="/home/brazil/Documents/code/opencpn/plugins/dashboard_pi/CMakeLists.txt">
          <Option virtualFolder="CMake Files\plugins\dashboard_pi\" />
      </Unit>
      <Unit filename="/home/brazil/Documents/code/opencpn/plugins/dashboard_pi/CMakeLists.txt">
          <Option virtualFolder="CMake Files\plugins\dashboard_pi\" />
      </Unit>
      <Unit filename="/home/brazil/Documents/code/opencpn/plugins/route_pi/CMakeLists.txt">
          <Option virtualFolder="CMake Files\plugins\route_pi\" />
      </Unit>
      <Unit filename="/home/brazil/Documents/code/opencpn/plugins/route_pi/CMakeLists.txt">
          <Option virtualFolder="CMake Files\plugins\route_pi\" />
      </Unit>
      <Unit filename="/home/brazil/Documents/code/opencpn/plugins/osm_pi/CMakeLists.txt">
          <Option virtualFolder="CMake Files\plugins\osm_pi\" />
      </Unit>
      <Unit filename="/home/brazil/Documents/code/opencpn/plugins/osm_pi/CMakeLists.txt">
          <Option virtualFolder="CMake Files\plugins\osm_pi\" />
      </Unit>
      <Unit filename="/home/brazil/Documents/code/opencpn/plugins/radar_pi/CMakeLists.txt">
          <Option virtualFolder="CMake Files\plugins\radar_pi\" />
      </Unit>
      <Unit filename="/home/brazil/Documents/code/opencpn/plugins/radar_pi/CMakeLists.txt">
          <Option virtualFolder="CMake Files\plugins\radar_pi\" />
      </Unit>
      <Unit filename="/home/brazil/Documents/code/opencpn/plugins/grib_pi/CMakeLists.txt">
          <Option virtualFolder="CMake Files\plugins\grib_pi\" />
      </Unit>
      <Unit filename="/home/brazil/Documents/code/opencpn/plugins/grib_pi/CMakeLists.txt">
          <Option virtualFolder="CMake Files\plugins\grib_pi\" />
      </Unit>
   </Project>
</CodeBlocks_project_file>
